
Microsoft Visual Studio Solution File, Format Version 12.00
# Visual Studio Version 17
VisualStudioVersion = 17.13.35931.197
MinimumVisualStudioVersion = 10.0.40219.1
Project("{FAE04EC0-301F-11D3-BF4B-00C04F79EFBC}") = "dotapiBase.Core", "dotapiBase.Core\dotapiBase.Core.csproj", "{912700A3-E5A9-4F2F-826B-1F61BDDE27CC}"
EndProject
Project("{FAE04EC0-301F-11D3-BF4B-00C04F79EFBC}") = "dotapiBase.DocUtils", "dotapiBase.DocUtils\dotapiBase.DocUtils.csproj", "{A9217D46-3D90-435C-9ED1-D0B7485DEAF7}"
EndProject
Project("{FAE04EC0-301F-11D3-BF4B-00C04F79EFBC}") = "dotapiBase.Common", "dotapiBase.Common\dotapiBase.Common.csproj", "{A76E54AF-2803-4161-B158-C2A012126CE8}"
EndProject
Global
	GlobalSection(SolutionConfigurationPlatforms) = preSolution
		Debug|Any CPU = Debug|Any CPU
		Release|Any CPU = Release|Any CPU
	EndGlobalSection
	GlobalSection(ProjectConfigurationPlatforms) = postSolution
		{912700A3-E5A9-4F2F-826B-1F61BDDE27CC}.Debug|Any CPU.ActiveCfg = Debug|Any CPU
		{912700A3-E5A9-4F2F-826B-1F61BDDE27CC}.Debug|Any CPU.Build.0 = Debug|Any CPU
		{912700A3-E5A9-4F2F-826B-1F61BDDE27CC}.Release|Any CPU.ActiveCfg = Release|Any CPU
		{912700A3-E5A9-4F2F-826B-1F61BDDE27CC}.Release|Any CPU.Build.0 = Release|Any CPU
		{A9217D46-3D90-435C-9ED1-D0B7485DEAF7}.Debug|Any CPU.ActiveCfg = Debug|Any CPU
		{A9217D46-3D90-435C-9ED1-D0B7485DEAF7}.Debug|Any CPU.Build.0 = Debug|Any CPU
		{A9217D46-3D90-435C-9ED1-D0B7485DEAF7}.Release|Any CPU.ActiveCfg = Release|Any CPU
		{A9217D46-3D90-435C-9ED1-D0B7485DEAF7}.Release|Any CPU.Build.0 = Release|Any CPU
		{A76E54AF-2803-4161-B158-C2A012126CE8}.Debug|Any CPU.ActiveCfg = Debug|Any CPU
		{A76E54AF-2803-4161-B158-C2A012126CE8}.Debug|Any CPU.Build.0 = Debug|Any CPU
		{A76E54AF-2803-4161-B158-C2A012126CE8}.Release|Any CPU.ActiveCfg = Release|Any CPU
		{A76E54AF-2803-4161-B158-C2A012126CE8}.Release|Any CPU.Build.0 = Release|Any CPU
	EndGlobalSection
	GlobalSection(SolutionProperties) = preSolution
		HideSolutionNode = FALSE
	EndGlobalSection
	GlobalSection(ExtensibilityGlobals) = postSolution
		SolutionGuid = {60A53303-DAC4-4EE7-9EA2-212F9C629E5B}
	EndGlobalSection
EndGlobal
